
Microsoft Visual Studio Solution File, Format Version 12.00
# Visual Studio Version 16
VisualStudioVersion = 16.0.31515.178
MinimumVisualStudioVersion = 10.0.40219.1
Project("{9A19103F-16F7-4668-BE54-9A1E7A4F7556}") = "Agenda", "Agenda\Agenda.csproj", "{2CD716B4-9759-4D9F-9E28-4F3A3C5FA9AF}"
EndProject
Global
	GlobalSection(SolutionConfigurationPlatforms) = preSolution
		Debug|Any CPU = Debug|Any CPU
		Release|Any CPU = Release|Any CPU
	EndGlobalSection
	GlobalSection(ProjectConfigurationPlatforms) = postSolution
		{2CD716B4-9759-4D9F-9E28-4F3A3C5FA9AF}.Debug|Any CPU.ActiveCfg = Debug|Any CPU
		{2CD716B4-9759-4D9F-9E28-4F3A3C5FA9AF}.Debug|Any CPU.Build.0 = Debug|Any CPU
		{2CD716B4-9759-4D9F-9E28-4F3A3C5FA9AF}.Release|Any CPU.ActiveCfg = Release|Any CPU
		{2CD716B4-9759-4D9F-9E28-4F3A3C5FA9AF}.Release|Any CPU.Build.0 = Release|Any CPU
	EndGlobalSection
	GlobalSection(SolutionProperties) = preSolution
		HideSolutionNode = FALSE
	EndGlobalSection
	GlobalSection(ExtensibilityGlobals) = postSolution
		SolutionGuid = {9065DB96-4DE4-460E-86D5-D8E9027549DD}
	EndGlobalSection
EndGlobal
